
Microsoft Visual Studio Solution File, Format Version 12.00
# Visual Studio 14
VisualStudioVersion = 14.0.25420.1
MinimumVisualStudioVersion = 10.0.40219.1
Project("{2150E333-8FDC-42A3-9474-1A3956D46DE8}") = "Engine", "Engine", "{3F642F0B-6B0B-4A5F-81BC-E2D91A7910EA}"
EndProject
Project("{2150E333-8FDC-42A3-9474-1A3956D46DE8}") = "Games", "Games", "{08465E1A-C6F6-43DA-8A08-3E58D23378F6}"
EndProject
Project("{8BC9CEB8-8B4A-11D0-8D11-00A0C91BC942}") = "UE4", "Intermediate\ProjectFiles\UE4.vcxproj", "{32694301-6D5E-4CA8-B68F-1B299CBAA389}"
EndProject
Project("{8BC9CEB8-8B4A-11D0-8D11-00A0C91BC942}") = "Paper2DCpp", "Intermediate\ProjectFiles\Paper2DCpp.vcxproj", "{2BECF4AD-4C5C-480D-AC4A-123B6EC1225C}"
EndProject
Global
	GlobalSection(SolutionConfigurationPlatforms) = preSolution
		DebugGame Editor|Win32 = DebugGame Editor|Win32
		DebugGame Editor|Win64 = DebugGame Editor|Win64
		DebugGame|Win32 = DebugGame|Win32
		DebugGame|Win64 = DebugGame|Win64
		Development Editor|Win32 = Development Editor|Win32
		Development Editor|Win64 = Development Editor|Win64
		Development|Win32 = Development|Win32
		Development|Win64 = Development|Win64
		Shipping|Win32 = Shipping|Win32
		Shipping|Win64 = Shipping|Win64
	EndGlobalSection
	GlobalSection(ProjectConfigurationPlatforms) = postSolution
		{32694301-6D5E-4CA8-B68F-1B299CBAA389}.DebugGame Editor|Win32.ActiveCfg = BuiltWithUnrealBuildTool|Win32
		{32694301-6D5E-4CA8-B68F-1B299CBAA389}.DebugGame Editor|Win32.Build.0 = BuiltWithUnrealBuildTool|Win32
		{32694301-6D5E-4CA8-B68F-1B299CBAA389}.DebugGame Editor|Win64.ActiveCfg = BuiltWithUnrealBuildTool|Win32
		{32694301-6D5E-4CA8-B68F-1B299CBAA389}.DebugGame Editor|Win64.Build.0 = BuiltWithUnrealBuildTool|Win32
		{32694301-6D5E-4CA8-B68F-1B299CBAA389}.DebugGame|Win32.ActiveCfg = BuiltWithUnrealBuildTool|Win32
		{32694301-6D5E-4CA8-B68F-1B299CBAA389}.DebugGame|Win32.Build.0 = BuiltWithUnrealBuildTool|Win32
		{32694301-6D5E-4CA8-B68F-1B299CBAA389}.DebugGame|Win64.ActiveCfg = BuiltWithUnrealBuildTool|Win32
		{32694301-6D5E-4CA8-B68F-1B299CBAA389}.DebugGame|Win64.Build.0 = BuiltWithUnrealBuildTool|Win32
		{32694301-6D5E-4CA8-B68F-1B299CBAA389}.Development Editor|Win32.ActiveCfg = BuiltWithUnrealBuildTool|Win32
		{32694301-6D5E-4CA8-B68F-1B299CBAA389}.Development Editor|Win32.Build.0 = BuiltWithUnrealBuildTool|Win32
		{32694301-6D5E-4CA8-B68F-1B299CBAA389}.Development Editor|Win64.ActiveCfg = BuiltWithUnrealBuildTool|Win32
		{32694301-6D5E-4CA8-B68F-1B299CBAA389}.Development Editor|Win64.Build.0 = BuiltWithUnrealBuildTool|Win32
		{32694301-6D5E-4CA8-B68F-1B299CBAA389}.Development|Win32.ActiveCfg = BuiltWithUnrealBuildTool|Win32
		{32694301-6D5E-4CA8-B68F-1B299CBAA389}.Development|Win32.Build.0 = BuiltWithUnrealBuildTool|Win32
		{32694301-6D5E-4CA8-B68F-1B299CBAA389}.Development|Win64.ActiveCfg = BuiltWithUnrealBuildTool|Win32
		{32694301-6D5E-4CA8-B68F-1B299CBAA389}.Development|Win64.Build.0 = BuiltWithUnrealBuildTool|Win32
		{32694301-6D5E-4CA8-B68F-1B299CBAA389}.Shipping|Win32.ActiveCfg = BuiltWithUnrealBuildTool|Win32
		{32694301-6D5E-4CA8-B68F-1B299CBAA389}.Shipping|Win32.Build.0 = BuiltWithUnrealBuildTool|Win32
		{32694301-6D5E-4CA8-B68F-1B299CBAA389}.Shipping|Win64.ActiveCfg = BuiltWithUnrealBuildTool|Win32
		{32694301-6D5E-4CA8-B68F-1B299CBAA389}.Shipping|Win64.Build.0 = BuiltWithUnrealBuildTool|Win32
		{2BECF4AD-4C5C-480D-AC4A-123B6EC1225C}.DebugGame Editor|Win32.ActiveCfg = DebugGame_Editor|Win32
		{2BECF4AD-4C5C-480D-AC4A-123B6EC1225C}.DebugGame Editor|Win64.ActiveCfg = DebugGame_Editor|x64
		{2BECF4AD-4C5C-480D-AC4A-123B6EC1225C}.DebugGame Editor|Win64.Build.0 = DebugGame_Editor|x64
		{2BECF4AD-4C5C-480D-AC4A-123B6EC1225C}.DebugGame|Win32.ActiveCfg = DebugGame_Game|Win32
		{2BECF4AD-4C5C-480D-AC4A-123B6EC1225C}.DebugGame|Win32.Build.0 = DebugGame_Game|Win32
		{2BECF4AD-4C5C-480D-AC4A-123B6EC1225C}.DebugGame|Win64.ActiveCfg = DebugGame_Game|x64
		{2BECF4AD-4C5C-480D-AC4A-123B6EC1225C}.DebugGame|Win64.Build.0 = DebugGame_Game|x64
		{2BECF4AD-4C5C-480D-AC4A-123B6EC1225C}.Development Editor|Win32.ActiveCfg = Development_Editor|Win32
		{2BECF4AD-4C5C-480D-AC4A-123B6EC1225C}.Development Editor|Win64.ActiveCfg = Development_Editor|x64
		{2BECF4AD-4C5C-480D-AC4A-123B6EC1225C}.Development Editor|Win64.Build.0 = Development_Editor|x64
		{2BECF4AD-4C5C-480D-AC4A-123B6EC1225C}.Development|Win32.ActiveCfg = Development_Game|Win32
		{2BECF4AD-4C5C-480D-AC4A-123B6EC1225C}.Development|Win32.Build.0 = Development_Game|Win32
		{2BECF4AD-4C5C-480D-AC4A-123B6EC1225C}.Development|Win64.ActiveCfg = Development_Game|x64
		{2BECF4AD-4C5C-480D-AC4A-123B6EC1225C}.Development|Win64.Build.0 = Development_Game|x64
		{2BECF4AD-4C5C-480D-AC4A-123B6EC1225C}.Shipping|Win32.ActiveCfg = Shipping_Game|Win32
		{2BECF4AD-4C5C-480D-AC4A-123B6EC1225C}.Shipping|Win32.Build.0 = Shipping_Game|Win32
		{2BECF4AD-4C5C-480D-AC4A-123B6EC1225C}.Shipping|Win64.ActiveCfg = Shipping_Game|x64
		{2BECF4AD-4C5C-480D-AC4A-123B6EC1225C}.Shipping|Win64.Build.0 = Shipping_Game|x64
	EndGlobalSection
	GlobalSection(SolutionProperties) = preSolution
		HideSolutionNode = FALSE
	EndGlobalSection
	GlobalSection(NestedProjects) = preSolution
		{32694301-6D5E-4CA8-B68F-1B299CBAA389} = {3F642F0B-6B0B-4A5F-81BC-E2D91A7910EA}
		{2BECF4AD-4C5C-480D-AC4A-123B6EC1225C} = {08465E1A-C6F6-43DA-8A08-3E58D23378F6}
	EndGlobalSection
EndGlobal
